
Microsoft Visual Studio Solution File, Format Version 12.00
# Visual Studio Version 16
VisualStudioVersion = 16.0.30503.244
MinimumVisualStudioVersion = 10.0.40219.1
Project("{FAE04EC0-301F-11D3-BF4B-00C04F79EFBC}") = "Hello World 2", "Hello World 2.csproj", "{F83FED64-CD20-44BC-BC53-153FB92D9015}"
EndProject
Global
	GlobalSection(SolutionConfigurationPlatforms) = preSolution
		Debug|Any CPU = Debug|Any CPU
		Release|Any CPU = Release|Any CPU
	EndGlobalSection
	GlobalSection(ProjectConfigurationPlatforms) = postSolution
		{F83FED64-CD20-44BC-BC53-153FB92D9015}.Debug|Any CPU.ActiveCfg = Debug|Any CPU
		{F83FED64-CD20-44BC-BC53-153FB92D9015}.Debug|Any CPU.Build.0 = Debug|Any CPU
		{F83FED64-CD20-44BC-BC53-153FB92D9015}.Release|Any CPU.ActiveCfg = Release|Any CPU
		{F83FED64-CD20-44BC-BC53-153FB92D9015}.Release|Any CPU.Build.0 = Release|Any CPU
	EndGlobalSection
	GlobalSection(SolutionProperties) = preSolution
		HideSolutionNode = FALSE
	EndGlobalSection
	GlobalSection(ExtensibilityGlobals) = postSolution
		SolutionGuid = {C4AAF21B-AF86-4BD7-8763-B68586E80AC7}
	EndGlobalSection
EndGlobal
